{
  "name": "temp",
  "lockfileVersion": 3,
  "requires": true,
  "packages": {
    "": {
      "dependencies": {
        "groq": "^3.90.0"
      }
    },
    "node_modules/groq": {
      "version": "3.90.0",
      "resolved": "https://registry.npmjs.org/groq/-/groq-3.90.0.tgz",
      "integrity": "sha512-40z3xoTVkugVQAWOQzIiJm3Ke7mSB14FuwY2irabBaKGqOo8Q6LL8kcEYlyYXBwxOE8ZVbHC5U+JBXMSR0N9UQ==",
      "license": "MIT",
      "engines": {
        "node": ">=18"
      }
    }
  }
}
